
Microsoft Visual Studio Solution File, Format Version 12.00
# Visual Studio 15
VisualStudioVersion = 15.0.28010.2041
MinimumVisualStudioVersion = 10.0.40219.1
Project("{FAE04EC0-301F-11D3-BF4B-00C04F79EFBC}") = "TransparentWindow.UWP", "TransparentWindow.UWP\TransparentWindow.UWP.csproj", "{BD908A6B-F92E-4ED8-AF2B-C944FF4BEE4A}"
EndProject
Project("{FAE04EC0-301F-11D3-BF4B-00C04F79EFBC}") = "TransparentWindow.WPF", "TransparentWindow.WPF\TransparentWindow.WPF.csproj", "{662BDC28-EF52-4712-B62E-534A90EAC125}"
EndProject
Global
	GlobalSection(SolutionConfigurationPlatforms) = preSolution
		Debug|Any CPU = Debug|Any CPU
		Debug|ARM = Debug|ARM
		Debug|x64 = Debug|x64
		Debug|x86 = Debug|x86
		Release|Any CPU = Release|Any CPU
		Release|ARM = Release|ARM
		Release|x64 = Release|x64
		Release|x86 = Release|x86
	EndGlobalSection
	GlobalSection(ProjectConfigurationPlatforms) = postSolution
		{BD908A6B-F92E-4ED8-AF2B-C944FF4BEE4A}.Debug|Any CPU.ActiveCfg = Debug|x86
		{BD908A6B-F92E-4ED8-AF2B-C944FF4BEE4A}.Debug|ARM.ActiveCfg = Debug|ARM
		{BD908A6B-F92E-4ED8-AF2B-C944FF4BEE4A}.Debug|ARM.Build.0 = Debug|ARM
		{BD908A6B-F92E-4ED8-AF2B-C944FF4BEE4A}.Debug|ARM.Deploy.0 = Debug|ARM
		{BD908A6B-F92E-4ED8-AF2B-C944FF4BEE4A}.Debug|x64.ActiveCfg = Debug|x64
		{BD908A6B-F92E-4ED8-AF2B-C944FF4BEE4A}.Debug|x64.Build.0 = Debug|x64
		{BD908A6B-F92E-4ED8-AF2B-C944FF4BEE4A}.Debug|x64.Deploy.0 = Debug|x64
		{BD908A6B-F92E-4ED8-AF2B-C944FF4BEE4A}.Debug|x86.ActiveCfg = Debug|x86
		{BD908A6B-F92E-4ED8-AF2B-C944FF4BEE4A}.Debug|x86.Build.0 = Debug|x86
		{BD908A6B-F92E-4ED8-AF2B-C944FF4BEE4A}.Debug|x86.Deploy.0 = Debug|x86
		{BD908A6B-F92E-4ED8-AF2B-C944FF4BEE4A}.Release|Any CPU.ActiveCfg = Release|x86
		{BD908A6B-F92E-4ED8-AF2B-C944FF4BEE4A}.Release|ARM.ActiveCfg = Release|ARM
		{BD908A6B-F92E-4ED8-AF2B-C944FF4BEE4A}.Release|ARM.Build.0 = Release|ARM
		{BD908A6B-F92E-4ED8-AF2B-C944FF4BEE4A}.Release|ARM.Deploy.0 = Release|ARM
		{BD908A6B-F92E-4ED8-AF2B-C944FF4BEE4A}.Release|x64.ActiveCfg = Release|x64
		{BD908A6B-F92E-4ED8-AF2B-C944FF4BEE4A}.Release|x64.Build.0 = Release|x64
		{BD908A6B-F92E-4ED8-AF2B-C944FF4BEE4A}.Release|x64.Deploy.0 = Release|x64
		{BD908A6B-F92E-4ED8-AF2B-C944FF4BEE4A}.Release|x86.ActiveCfg = Release|x86
		{BD908A6B-F92E-4ED8-AF2B-C944FF4BEE4A}.Release|x86.Build.0 = Release|x86
		{BD908A6B-F92E-4ED8-AF2B-C944FF4BEE4A}.Release|x86.Deploy.0 = Release|x86
		{662BDC28-EF52-4712-B62E-534A90EAC125}.Debug|Any CPU.ActiveCfg = Debug|Any CPU
		{662BDC28-EF52-4712-B62E-534A90EAC125}.Debug|Any CPU.Build.0 = Debug|Any CPU
		{662BDC28-EF52-4712-B62E-534A90EAC125}.Debug|ARM.ActiveCfg = Debug|Any CPU
		{662BDC28-EF52-4712-B62E-534A90EAC125}.Debug|ARM.Build.0 = Debug|Any CPU
		{662BDC28-EF52-4712-B62E-534A90EAC125}.Debug|x64.ActiveCfg = Debug|Any CPU
		{662BDC28-EF52-4712-B62E-534A90EAC125}.Debug|x64.Build.0 = Debug|Any CPU
		{662BDC28-EF52-4712-B62E-534A90EAC125}.Debug|x86.ActiveCfg = Debug|Any CPU
		{662BDC28-EF52-4712-B62E-534A90EAC125}.Debug|x86.Build.0 = Debug|Any CPU
		{662BDC28-EF52-4712-B62E-534A90EAC125}.Release|Any CPU.ActiveCfg = Release|Any CPU
		{662BDC28-EF52-4712-B62E-534A90EAC125}.Release|Any CPU.Build.0 = Release|Any CPU
		{662BDC28-EF52-4712-B62E-534A90EAC125}.Release|ARM.ActiveCfg = Release|Any CPU
		{662BDC28-EF52-4712-B62E-534A90EAC125}.Release|ARM.Build.0 = Release|Any CPU
		{662BDC28-EF52-4712-B62E-534A90EAC125}.Release|x64.ActiveCfg = Release|Any CPU
		{662BDC28-EF52-4712-B62E-534A90EAC125}.Release|x64.Build.0 = Release|Any CPU
		{662BDC28-EF52-4712-B62E-534A90EAC125}.Release|x86.ActiveCfg = Release|Any CPU
		{662BDC28-EF52-4712-B62E-534A90EAC125}.Release|x86.Build.0 = Release|Any CPU
	EndGlobalSection
	GlobalSection(SolutionProperties) = preSolution
		HideSolutionNode = FALSE
	EndGlobalSection
	GlobalSection(ExtensibilityGlobals) = postSolution
		SolutionGuid = {942D7F2A-A2CD-4D2C-AC4D-8EF1F82C06BB}
	EndGlobalSection
EndGlobal
